
Microsoft Visual Studio Solution File, Format Version 12.00
# Visual Studio Version 16
VisualStudioVersion = 16.0.31911.196
MinimumVisualStudioVersion = 10.0.40219.1
Project("{F184B08F-C81C-45F6-A57F-5ABD9991F28F}") = "Lamborghini", "Lamborghini.vbproj", "{073B3313-95DD-43D7-8BC9-8C7520E3027D}"
EndProject
Global
	GlobalSection(SolutionConfigurationPlatforms) = preSolution
		Debug|Any CPU = Debug|Any CPU
		Release|Any CPU = Release|Any CPU
	EndGlobalSection
	GlobalSection(ProjectConfigurationPlatforms) = postSolution
		{073B3313-95DD-43D7-8BC9-8C7520E3027D}.Debug|Any CPU.ActiveCfg = Debug|Any CPU
		{073B3313-95DD-43D7-8BC9-8C7520E3027D}.Debug|Any CPU.Build.0 = Debug|Any CPU
		{073B3313-95DD-43D7-8BC9-8C7520E3027D}.Release|Any CPU.ActiveCfg = Release|Any CPU
		{073B3313-95DD-43D7-8BC9-8C7520E3027D}.Release|Any CPU.Build.0 = Release|Any CPU
	EndGlobalSection
	GlobalSection(SolutionProperties) = preSolution
		HideSolutionNode = FALSE
	EndGlobalSection
	GlobalSection(ExtensibilityGlobals) = postSolution
		SolutionGuid = {9C4FD05C-0901-4D52-9855-4A0441938540}
	EndGlobalSection
EndGlobal
